
Microsoft Visual Studio Solution File, Format Version 12.00
# Visual Studio Version 16
VisualStudioVersion = 16.0.32002.261
MinimumVisualStudioVersion = 10.0.40219.1
Project("{FAE04EC0-301F-11D3-BF4B-00C04F79EFBC}") = "Lab7", "Lab7\Lab7.csproj", "{AEEDF0F7-473C-4C24-83A5-936AD86DC847}"
EndProject
Global
	GlobalSection(SolutionConfigurationPlatforms) = preSolution
		Debug|Any CPU = Debug|Any CPU
		Release|Any CPU = Release|Any CPU
	EndGlobalSection
	GlobalSection(ProjectConfigurationPlatforms) = postSolution
		{AEEDF0F7-473C-4C24-83A5-936AD86DC847}.Debug|Any CPU.ActiveCfg = Debug|Any CPU
		{AEEDF0F7-473C-4C24-83A5-936AD86DC847}.Debug|Any CPU.Build.0 = Debug|Any CPU
		{AEEDF0F7-473C-4C24-83A5-936AD86DC847}.Release|Any CPU.ActiveCfg = Release|Any CPU
		{AEEDF0F7-473C-4C24-83A5-936AD86DC847}.Release|Any CPU.Build.0 = Release|Any CPU
	EndGlobalSection
	GlobalSection(SolutionProperties) = preSolution
		HideSolutionNode = FALSE
	EndGlobalSection
	GlobalSection(ExtensibilityGlobals) = postSolution
		SolutionGuid = {E8A7844F-69F5-4ABD-86FE-A66BAFBDDE17}
	EndGlobalSection
EndGlobal
